
Microsoft Visual Studio Solution File, Format Version 12.00
# Visual Studio Version 16
VisualStudioVersion = 16.0.31229.75
MinimumVisualStudioVersion = 10.0.40219.1
Project("{9A19103F-16F7-4668-BE54-9A1E7A4F7556}") = "Tu_Jardin_App.Server", "Tu_Jardin_App\Server\Tu_Jardin_App.Server.csproj", "{4482C8E3-DF1C-414B-AC37-E6EA281C032F}"
EndProject
Project("{9A19103F-16F7-4668-BE54-9A1E7A4F7556}") = "Tu_Jardin_App.Client", "Tu_Jardin_App\Client\Tu_Jardin_App.Client.csproj", "{592FA78C-8790-4939-9EAA-AB39BE3AB500}"
EndProject
Project("{9A19103F-16F7-4668-BE54-9A1E7A4F7556}") = "Tu_Jardin_App.Shared", "Tu_Jardin_App\Shared\Tu_Jardin_App.Shared.csproj", "{87DB7773-F667-48C5-8621-8F5234932B56}"
EndProject
Global
	GlobalSection(SolutionConfigurationPlatforms) = preSolution
		Debug|Any CPU = Debug|Any CPU
		Release|Any CPU = Release|Any CPU
	EndGlobalSection
	GlobalSection(ProjectConfigurationPlatforms) = postSolution
		{4482C8E3-DF1C-414B-AC37-E6EA281C032F}.Debug|Any CPU.ActiveCfg = Debug|Any CPU
		{4482C8E3-DF1C-414B-AC37-E6EA281C032F}.Debug|Any CPU.Build.0 = Debug|Any CPU
		{4482C8E3-DF1C-414B-AC37-E6EA281C032F}.Release|Any CPU.ActiveCfg = Release|Any CPU
		{4482C8E3-DF1C-414B-AC37-E6EA281C032F}.Release|Any CPU.Build.0 = Release|Any CPU
		{592FA78C-8790-4939-9EAA-AB39BE3AB500}.Debug|Any CPU.ActiveCfg = Debug|Any CPU
		{592FA78C-8790-4939-9EAA-AB39BE3AB500}.Debug|Any CPU.Build.0 = Debug|Any CPU
		{592FA78C-8790-4939-9EAA-AB39BE3AB500}.Release|Any CPU.ActiveCfg = Release|Any CPU
		{592FA78C-8790-4939-9EAA-AB39BE3AB500}.Release|Any CPU.Build.0 = Release|Any CPU
		{87DB7773-F667-48C5-8621-8F5234932B56}.Debug|Any CPU.ActiveCfg = Debug|Any CPU
		{87DB7773-F667-48C5-8621-8F5234932B56}.Debug|Any CPU.Build.0 = Debug|Any CPU
		{87DB7773-F667-48C5-8621-8F5234932B56}.Release|Any CPU.ActiveCfg = Release|Any CPU
		{87DB7773-F667-48C5-8621-8F5234932B56}.Release|Any CPU.Build.0 = Release|Any CPU
	EndGlobalSection
	GlobalSection(SolutionProperties) = preSolution
		HideSolutionNode = FALSE
	EndGlobalSection
	GlobalSection(ExtensibilityGlobals) = postSolution
		SolutionGuid = {AF0A8742-2E88-48F4-9657-07EC82C5D1B3}
	EndGlobalSection
EndGlobal
